
Microsoft Visual Studio Solution File, Format Version 12.00
# Visual Studio Version 16
VisualStudioVersion = 16.0.30621.155
MinimumVisualStudioVersion = 10.0.40219.1
Project("{FAE04EC0-301F-11D3-BF4B-00C04F79EFBC}") = "BlackjackProject", "BlackjackProject.csproj", "{ED6908B5-63BB-4F73-B216-21133F2B493C}"
EndProject
Global
	GlobalSection(SolutionConfigurationPlatforms) = preSolution
		Debug|Any CPU = Debug|Any CPU
		Release|Any CPU = Release|Any CPU
	EndGlobalSection
	GlobalSection(ProjectConfigurationPlatforms) = postSolution
		{ED6908B5-63BB-4F73-B216-21133F2B493C}.Debug|Any CPU.ActiveCfg = Debug|Any CPU
		{ED6908B5-63BB-4F73-B216-21133F2B493C}.Debug|Any CPU.Build.0 = Debug|Any CPU
		{ED6908B5-63BB-4F73-B216-21133F2B493C}.Release|Any CPU.ActiveCfg = Release|Any CPU
		{ED6908B5-63BB-4F73-B216-21133F2B493C}.Release|Any CPU.Build.0 = Release|Any CPU
	EndGlobalSection
	GlobalSection(SolutionProperties) = preSolution
		HideSolutionNode = FALSE
	EndGlobalSection
	GlobalSection(ExtensibilityGlobals) = postSolution
		SolutionGuid = {65681312-68A2-43BE-B553-5FB99764C2CA}
	EndGlobalSection
EndGlobal
